
Microsoft Visual Studio Solution File, Format Version 12.00
# Visual Studio Version 17
VisualStudioVersion = 17.0.31903.59
MinimumVisualStudioVersion = 10.0.40219.1
Project("{FAE04EC0-301F-11D3-BF4B-00C04F79EFBC}") = "First", "First\First.csproj", "{3A61DC8E-243C-4F5F-9B2A-81D84CC7D029}"
EndProject
Project("{FAE04EC0-301F-11D3-BF4B-00C04F79EFBC}") = "Operators", "Operators\Operators.csproj", "{FF4AE70B-1B24-48C3-90C0-92B31901BF5B}"
EndProject
Project("{FAE04EC0-301F-11D3-BF4B-00C04F79EFBC}") = "FizzBuzz-Challenge", "FizzBuzz-Challenge\FizzBuzz-Challenge.csproj", "{8B94B91E-1765-4158-992B-BBFC0A3B57D4}"
EndProject
Project("{FAE04EC0-301F-11D3-BF4B-00C04F79EFBC}") = "Loops", "Loops\Loops.csproj", "{9C4E1A5D-301A-4E69-BE09-7424F01168F8}"
EndProject
Project("{FAE04EC0-301F-11D3-BF4B-00C04F79EFBC}") = "Data-type-choices", "Data-type-choices\Data-type-choices.csproj", "{BBD26B99-56BA-4E06-AED4-DD50F25EBDAF}"
EndProject
Project("{FAE04EC0-301F-11D3-BF4B-00C04F79EFBC}") = "Array-operations", "Array-operations\Array-operations.csproj", "{36F12687-AF3B-4224-BC1B-92250290C561}"
EndProject
Global
	GlobalSection(SolutionConfigurationPlatforms) = preSolution
		Debug|Any CPU = Debug|Any CPU
		Release|Any CPU = Release|Any CPU
	EndGlobalSection
	GlobalSection(SolutionProperties) = preSolution
		HideSolutionNode = FALSE
	EndGlobalSection
	GlobalSection(ProjectConfigurationPlatforms) = postSolution
		{3A61DC8E-243C-4F5F-9B2A-81D84CC7D029}.Debug|Any CPU.ActiveCfg = Debug|Any CPU
		{3A61DC8E-243C-4F5F-9B2A-81D84CC7D029}.Debug|Any CPU.Build.0 = Debug|Any CPU
		{3A61DC8E-243C-4F5F-9B2A-81D84CC7D029}.Release|Any CPU.ActiveCfg = Release|Any CPU
		{3A61DC8E-243C-4F5F-9B2A-81D84CC7D029}.Release|Any CPU.Build.0 = Release|Any CPU
		{FF4AE70B-1B24-48C3-90C0-92B31901BF5B}.Debug|Any CPU.ActiveCfg = Debug|Any CPU
		{FF4AE70B-1B24-48C3-90C0-92B31901BF5B}.Debug|Any CPU.Build.0 = Debug|Any CPU
		{FF4AE70B-1B24-48C3-90C0-92B31901BF5B}.Release|Any CPU.ActiveCfg = Release|Any CPU
		{FF4AE70B-1B24-48C3-90C0-92B31901BF5B}.Release|Any CPU.Build.0 = Release|Any CPU
		{8B94B91E-1765-4158-992B-BBFC0A3B57D4}.Debug|Any CPU.ActiveCfg = Debug|Any CPU
		{8B94B91E-1765-4158-992B-BBFC0A3B57D4}.Debug|Any CPU.Build.0 = Debug|Any CPU
		{8B94B91E-1765-4158-992B-BBFC0A3B57D4}.Release|Any CPU.ActiveCfg = Release|Any CPU
		{8B94B91E-1765-4158-992B-BBFC0A3B57D4}.Release|Any CPU.Build.0 = Release|Any CPU
		{9C4E1A5D-301A-4E69-BE09-7424F01168F8}.Debug|Any CPU.ActiveCfg = Debug|Any CPU
		{9C4E1A5D-301A-4E69-BE09-7424F01168F8}.Debug|Any CPU.Build.0 = Debug|Any CPU
		{9C4E1A5D-301A-4E69-BE09-7424F01168F8}.Release|Any CPU.ActiveCfg = Release|Any CPU
		{9C4E1A5D-301A-4E69-BE09-7424F01168F8}.Release|Any CPU.Build.0 = Release|Any CPU
		{BBD26B99-56BA-4E06-AED4-DD50F25EBDAF}.Debug|Any CPU.ActiveCfg = Debug|Any CPU
		{BBD26B99-56BA-4E06-AED4-DD50F25EBDAF}.Debug|Any CPU.Build.0 = Debug|Any CPU
		{BBD26B99-56BA-4E06-AED4-DD50F25EBDAF}.Release|Any CPU.ActiveCfg = Release|Any CPU
		{BBD26B99-56BA-4E06-AED4-DD50F25EBDAF}.Release|Any CPU.Build.0 = Release|Any CPU
		{36F12687-AF3B-4224-BC1B-92250290C561}.Debug|Any CPU.ActiveCfg = Debug|Any CPU
		{36F12687-AF3B-4224-BC1B-92250290C561}.Debug|Any CPU.Build.0 = Debug|Any CPU
		{36F12687-AF3B-4224-BC1B-92250290C561}.Release|Any CPU.ActiveCfg = Release|Any CPU
		{36F12687-AF3B-4224-BC1B-92250290C561}.Release|Any CPU.Build.0 = Release|Any CPU
	EndGlobalSection
EndGlobal
